
Microsoft Visual Studio Solution File, Format Version 12.00
# Visual Studio 15
VisualStudioVersion = 15.0.26730.15
MinimumVisualStudioVersion = 10.0.40219.1
Project("{FAE04EC0-301F-11D3-BF4B-00C04F79EFBC}") = "RemotesResourcesExtractor_cSharp", "RemotesResourcesExtractor_cSharp.csproj", "{E1AD3FEF-7AC6-4513-8D61-00124C7CFAEE}"
EndProject
Global
	GlobalSection(SolutionConfigurationPlatforms) = preSolution
		Debug|Any CPU = Debug|Any CPU
		Release|Any CPU = Release|Any CPU
	EndGlobalSection
	GlobalSection(ProjectConfigurationPlatforms) = postSolution
		{E1AD3FEF-7AC6-4513-8D61-00124C7CFAEE}.Debug|Any CPU.ActiveCfg = Debug|Any CPU
		{E1AD3FEF-7AC6-4513-8D61-00124C7CFAEE}.Debug|Any CPU.Build.0 = Debug|Any CPU
		{E1AD3FEF-7AC6-4513-8D61-00124C7CFAEE}.Release|Any CPU.ActiveCfg = Release|Any CPU
		{E1AD3FEF-7AC6-4513-8D61-00124C7CFAEE}.Release|Any CPU.Build.0 = Release|Any CPU
	EndGlobalSection
	GlobalSection(SolutionProperties) = preSolution
		HideSolutionNode = FALSE
	EndGlobalSection
	GlobalSection(ExtensibilityGlobals) = postSolution
		SolutionGuid = {8E6EF490-3A03-4897-A37E-3F8B8FE8481B}
	EndGlobalSection
EndGlobal
